
Microsoft Visual Studio Solution File, Format Version 12.00
# Visual Studio 15
VisualStudioVersion = 15.0.27428.2043
MinimumVisualStudioVersion = 10.0.40219.1
Project("{FAE04EC0-301F-11D3-BF4B-00C04F79EFBC}") = "Course.API", "Course.API\Course.API.csproj", "{31CF2212-64EB-4044-9EEE-E61A9B5301D5}"
EndProject
Project("{FAE04EC0-301F-11D3-BF4B-00C04F79EFBC}") = "Course.Model", "Course.Model\Course.Model.csproj", "{3A3933FE-F651-42EE-BAC2-18B0E1374D83}"
EndProject
Project("{FAE04EC0-301F-11D3-BF4B-00C04F79EFBC}") = "Course.Data", "Course.Data\Course.Data.csproj", "{1E826285-2339-44CF-91C8-96473A97F5DE}"
EndProject
Project("{FAE04EC0-301F-11D3-BF4B-00C04F79EFBC}") = "Course.Service", "Course.Service\Course.Service.csproj", "{09FCEC7B-6D5A-4542-B1C4-CF2038BE7182}"
EndProject
Project("{FAE04EC0-301F-11D3-BF4B-00C04F79EFBC}") = "Course.Test", "Course.Test\Course.Test.csproj", "{553BE87B-8B35-4EA8-AFFA-735995669BD6}"
EndProject
Project("{FAE04EC0-301F-11D3-BF4B-00C04F79EFBC}") = "Course.Exception", "Course.Exception\Course.Exception.csproj", "{6FDC0488-92D2-4930-B147-5781E9CBA660}"
EndProject
Global
	GlobalSection(SolutionConfigurationPlatforms) = preSolution
		Debug|Any CPU = Debug|Any CPU
		Release|Any CPU = Release|Any CPU
	EndGlobalSection
	GlobalSection(ProjectConfigurationPlatforms) = postSolution
		{31CF2212-64EB-4044-9EEE-E61A9B5301D5}.Debug|Any CPU.ActiveCfg = Debug|Any CPU
		{31CF2212-64EB-4044-9EEE-E61A9B5301D5}.Debug|Any CPU.Build.0 = Debug|Any CPU
		{31CF2212-64EB-4044-9EEE-E61A9B5301D5}.Release|Any CPU.ActiveCfg = Release|Any CPU
		{31CF2212-64EB-4044-9EEE-E61A9B5301D5}.Release|Any CPU.Build.0 = Release|Any CPU
		{3A3933FE-F651-42EE-BAC2-18B0E1374D83}.Debug|Any CPU.ActiveCfg = Debug|Any CPU
		{3A3933FE-F651-42EE-BAC2-18B0E1374D83}.Debug|Any CPU.Build.0 = Debug|Any CPU
		{3A3933FE-F651-42EE-BAC2-18B0E1374D83}.Release|Any CPU.ActiveCfg = Release|Any CPU
		{3A3933FE-F651-42EE-BAC2-18B0E1374D83}.Release|Any CPU.Build.0 = Release|Any CPU
		{1E826285-2339-44CF-91C8-96473A97F5DE}.Debug|Any CPU.ActiveCfg = Debug|Any CPU
		{1E826285-2339-44CF-91C8-96473A97F5DE}.Debug|Any CPU.Build.0 = Debug|Any CPU
		{1E826285-2339-44CF-91C8-96473A97F5DE}.Release|Any CPU.ActiveCfg = Release|Any CPU
		{1E826285-2339-44CF-91C8-96473A97F5DE}.Release|Any CPU.Build.0 = Release|Any CPU
		{09FCEC7B-6D5A-4542-B1C4-CF2038BE7182}.Debug|Any CPU.ActiveCfg = Debug|Any CPU
		{09FCEC7B-6D5A-4542-B1C4-CF2038BE7182}.Debug|Any CPU.Build.0 = Debug|Any CPU
		{09FCEC7B-6D5A-4542-B1C4-CF2038BE7182}.Release|Any CPU.ActiveCfg = Release|Any CPU
		{09FCEC7B-6D5A-4542-B1C4-CF2038BE7182}.Release|Any CPU.Build.0 = Release|Any CPU
		{553BE87B-8B35-4EA8-AFFA-735995669BD6}.Debug|Any CPU.ActiveCfg = Debug|Any CPU
		{553BE87B-8B35-4EA8-AFFA-735995669BD6}.Debug|Any CPU.Build.0 = Debug|Any CPU
		{553BE87B-8B35-4EA8-AFFA-735995669BD6}.Release|Any CPU.ActiveCfg = Release|Any CPU
		{553BE87B-8B35-4EA8-AFFA-735995669BD6}.Release|Any CPU.Build.0 = Release|Any CPU
		{6FDC0488-92D2-4930-B147-5781E9CBA660}.Debug|Any CPU.ActiveCfg = Debug|Any CPU
		{6FDC0488-92D2-4930-B147-5781E9CBA660}.Debug|Any CPU.Build.0 = Debug|Any CPU
		{6FDC0488-92D2-4930-B147-5781E9CBA660}.Release|Any CPU.ActiveCfg = Release|Any CPU
		{6FDC0488-92D2-4930-B147-5781E9CBA660}.Release|Any CPU.Build.0 = Release|Any CPU
	EndGlobalSection
	GlobalSection(SolutionProperties) = preSolution
		HideSolutionNode = FALSE
	EndGlobalSection
	GlobalSection(ExtensibilityGlobals) = postSolution
		SolutionGuid = {9CEA1B8F-8475-4A48-B76D-A6AF8C1547BF}
	EndGlobalSection
EndGlobal
